
Microsoft Visual Studio Solution File, Format Version 12.00
# Visual Studio Version 17
VisualStudioVersion = 17.4.33110.190
MinimumVisualStudioVersion = 10.0.40219.1
Project("{FAE04EC0-301F-11D3-BF4B-00C04F79EFBC}") = "prueba web", "prueba web\prueba web.csproj", "{DCEC9D95-53D0-40E2-B8C5-5F9BE23EA960}"
EndProject
Global
	GlobalSection(SolutionConfigurationPlatforms) = preSolution
		Debug|Any CPU = Debug|Any CPU
		Release|Any CPU = Release|Any CPU
	EndGlobalSection
	GlobalSection(ProjectConfigurationPlatforms) = postSolution
		{DCEC9D95-53D0-40E2-B8C5-5F9BE23EA960}.Debug|Any CPU.ActiveCfg = Debug|Any CPU
		{DCEC9D95-53D0-40E2-B8C5-5F9BE23EA960}.Debug|Any CPU.Build.0 = Debug|Any CPU
		{DCEC9D95-53D0-40E2-B8C5-5F9BE23EA960}.Release|Any CPU.ActiveCfg = Release|Any CPU
		{DCEC9D95-53D0-40E2-B8C5-5F9BE23EA960}.Release|Any CPU.Build.0 = Release|Any CPU
	EndGlobalSection
	GlobalSection(SolutionProperties) = preSolution
		HideSolutionNode = FALSE
	EndGlobalSection
	GlobalSection(ExtensibilityGlobals) = postSolution
		SolutionGuid = {33E5FDEE-7F77-4AC7-953E-401F900D47CA}
	EndGlobalSection
EndGlobal
